{
  "name": "shaders-smaa",
  "lockfileVersion": 3,
  "requires": true,
  "packages": {
    "": {
      "name": "shaders-smaa",
      "license": "MIT",
      "workspaces": [
        "packages/*"
      ],
      "engines": {
        "node": ">=22.0.0",
        "npm": ">=10.5.1",
        "snowdev": "2.0.0-alpha.28"
      }
    },
    "node_modules/@webgpu/types": {
      "version": "0.1.74",
      "resolved": "https://registry.npmjs.org/@webgpu/types/-/types-0.1.74.tgz",
      "integrity": "sha512-lgiI4hbuLcI9unnm2cL/tvCaQU45dp0xcLWJh5uB/9MBGvIA4F8XIk7nSiBeg+K4xWGYwgZKn80LmERI5CxoTA==",
      "dev": true,
      "license": "BSD-3-Clause"
    },
    "node_modules/es-module-shims": {
      "version": "2.8.4",
      "resolved": "https://registry.npmjs.org/es-module-shims/-/es-module-shims-2.8.4.tgz",
      "integrity": "sha512-ea5srn5L89PWVad6Qle6r2kg+HvvLiL/GHqgNx06eFrkERHkrTFWaqo1w8Sd+XI3Xr0iAG5x3ZQ7mQ/hnQzNpA==",
      "dev": true,
      "license": "MIT"
    },
    "node_modules/glsl-smaa": {
      "resolved": "packages/glsl-smaa",
      "link": true
    },
    "node_modules/pex-context": {
      "version": "4.1.0",
      "resolved": "https://registry.npmjs.org/pex-context/-/pex-context-4.1.0.tgz",
      "integrity": "sha512-5j/fgX7wFpiKT/gqd246uA7ElOFkiujDTlK2q+uZEGC9OwQfiC67tMcyNqwHCrUUeVSMuE8kLidNxINWVvZ1ow==",
      "dev": true,
      "license": "MIT",
      "dependencies": {
        "pex-gl": "^3.0.2"
      },
      "engines": {
        "node": ">=22.0.0",
        "npm": ">=10.5.1",
        "snowdev": ">=2.5.x"
      }
    },
    "node_modules/pex-gl": {
      "version": "3.0.2",
      "resolved": "https://registry.npmjs.org/pex-gl/-/pex-gl-3.0.2.tgz",
      "integrity": "sha512-q0MEUXyRlXEa7A/QGQn7GvrkLf+Yc+tRpTRFW0gmbG1RnJpKC0U504WYaB9O47OoMmy9LlKGCaolP2cJJUw5gQ==",
      "dev": true,
      "license": "MIT",
      "engines": {
        "node": ">=22.0.0",
        "npm": ">=10.5.1",
        "snowdev": ">=2.2.x"
      }
    },
    "node_modules/pex-gpu": {
      "version": "0.0.3",
      "resolved": "https://registry.npmjs.org/pex-gpu/-/pex-gpu-0.0.3.tgz",
      "integrity": "sha512-JTw+TWaJ82XQSqpl+hK5VcEHjv5tPIcQnpQv2eGzoLnk0pmK44f/EzyiFZBbTUrSB1DWbCaEBBNW7WuDGwIToA==",
      "dev": true,
      "license": "MIT",
      "dependencies": {
        "@webgpu/types": "^0.1.71"
      },
      "engines": {
        "node": ">=22.0.0",
        "npm": ">=10.5.1",
        "snowdev": ">=3.0.0-alpha.1"
      }
    },
    "node_modules/pex-math": {
      "version": "4.4.0",
      "resolved": "https://registry.npmjs.org/pex-math/-/pex-math-4.4.0.tgz",
      "integrity": "sha512-/grGe3/7X/1JL7K+ma12BNHhFYD0PrbIPG0mYOxXit01J5Nx5IrHP5suNZZbfxSP4v/w8ieTZZWz2HaIz0YvdQ==",
      "dev": true,
      "license": "MIT",
      "engines": {
        "node": ">=22.0.0",
        "npm": ">=10.5.1",
        "snowdev": ">=3.0.0-alpha.1"
      }
    },
    "node_modules/primitive-geometry": {
      "version": "3.0.0",
      "resolved": "https://registry.npmjs.org/primitive-geometry/-/primitive-geometry-3.0.0.tgz",
      "integrity": "sha512-+8FzhX5NdL4EHBgFDxMzBxrVLCOfiMTgBJioTjkRRYg43IE8B31yY613xHM5Bakq75dRl2zc5Zdf7YsLGN9VlQ==",
      "dev": true,
      "funding": [
        {
          "type": "individual",
          "url": "https://paypal.me/dmnsgn"
        },
        {
          "type": "individual",
          "url": "https://commerce.coinbase.com/checkout/56cbdf28-e323-48d8-9c98-7019e72c97f3"
        }
      ],
      "license": "MIT",
      "engines": {
        "node": ">=22.0.0",
        "snowdev": ">=3.0.0-alpha.3"
      }
    },
    "node_modules/tweakpane": {
      "version": "4.0.5",
      "resolved": "https://registry.npmjs.org/tweakpane/-/tweakpane-4.0.5.tgz",
      "integrity": "sha512-rxEXdSI+ArlG1RyO6FghC4ZUX8JkEfz8F3v1JuteXSV0pEtHJzyo07fcDG+NsJfN5L39kSbCYbB9cBGHyuI/tQ==",
      "dev": true,
      "license": "MIT",
      "funding": {
        "url": "https://github.com/sponsors/cocopon"
      }
    },
    "node_modules/wgsl-smaa": {
      "resolved": "packages/wgsl-smaa",
      "link": true
    },
    "packages/glsl-smaa": {
      "version": "3.0.0",
      "funding": [
        {
          "type": "individual",
          "url": "https://paypal.me/dmnsgn"
        },
        {
          "type": "individual",
          "url": "https://commerce.coinbase.com/checkout/56cbdf28-e323-48d8-9c98-7019e72c97f3"
        }
      ],
      "license": "MIT",
      "devDependencies": {
        "es-module-shims": "^2.8.4",
        "pex-context": "^4.1.0",
        "pex-math": "^4.4.0",
        "primitive-geometry": "^3.0.0",
        "tweakpane": "^4.0.5"
      },
      "engines": {
        "node": ">=22.0.0",
        "npm": ">=10.5.1",
        "snowdev": ">=3.0.0-alpha.1"
      }
    },
    "packages/wgsl-smaa": {
      "version": "1.0.0",
      "funding": [
        {
          "type": "individual",
          "url": "https://paypal.me/dmnsgn"
        },
        {
          "type": "individual",
          "url": "https://commerce.coinbase.com/checkout/56cbdf28-e323-48d8-9c98-7019e72c97f3"
        }
      ],
      "license": "MIT",
      "devDependencies": {
        "es-module-shims": "^2.8.4",
        "pex-gpu": "^0.0.3",
        "pex-math": "^4.4.0",
        "primitive-geometry": "^3.0.0",
        "tweakpane": "^4.0.5"
      },
      "engines": {
        "node": ">=22.0.0",
        "npm": ">=10.5.1",
        "snowdev": ">=3.0.0-alpha.1"
      }
    }
  }
}
